
Microsoft Visual Studio Solution File, Format Version 12.00
# Visual Studio 15
VisualStudioVersion = 15.0.28010.2046
MinimumVisualStudioVersion = 10.0.40219.1
Project("{FAE04EC0-301F-11D3-BF4B-00C04F79EFBC}") = "MediaLayers.Umbraco", "src\MediaLayers.Umbraco.csproj", "{CA7B1883-3288-43C5-85FE-47D76057692B}"
EndProject
Global
	GlobalSection(SolutionConfigurationPlatforms) = preSolution
		Debug|Any CPU = Debug|Any CPU
		Release|Any CPU = Release|Any CPU
	EndGlobalSection
	GlobalSection(ProjectConfigurationPlatforms) = postSolution
		{CA7B1883-3288-43C5-85FE-47D76057692B}.Debug|Any CPU.ActiveCfg = Debug|Any CPU
		{CA7B1883-3288-43C5-85FE-47D76057692B}.Debug|Any CPU.Build.0 = Debug|Any CPU
		{CA7B1883-3288-43C5-85FE-47D76057692B}.Release|Any CPU.ActiveCfg = Release|Any CPU
		{CA7B1883-3288-43C5-85FE-47D76057692B}.Release|Any CPU.Build.0 = Release|Any CPU
	EndGlobalSection
	GlobalSection(SolutionProperties) = preSolution
		HideSolutionNode = FALSE
	EndGlobalSection
	GlobalSection(ExtensibilityGlobals) = postSolution
		SolutionGuid = {C5D6B2DB-FEEB-4924-856E-0BAAB901CE14}
	EndGlobalSection
EndGlobal
